
Microsoft Visual Studio Solution File, Format Version 12.00
# Visual Studio Version 17
VisualStudioVersion = 17.5.002.0
MinimumVisualStudioVersion = 10.0.40219.1
Project("{9A19103F-16F7-4668-BE54-9A1E7A4F7556}") = "HackerRank", "src\HackerRank.csproj", "{B20A6A94-E6A9-42FA-B73C-C3849154B620}"
EndProject
Global
	GlobalSection(SolutionConfigurationPlatforms) = preSolution
		Debug|Any CPU = Debug|Any CPU
		Release|Any CPU = Release|Any CPU
	EndGlobalSection
	GlobalSection(ProjectConfigurationPlatforms) = postSolution
		{B20A6A94-E6A9-42FA-B73C-C3849154B620}.Debug|Any CPU.ActiveCfg = Debug|Any CPU
		{B20A6A94-E6A9-42FA-B73C-C3849154B620}.Debug|Any CPU.Build.0 = Debug|Any CPU
		{B20A6A94-E6A9-42FA-B73C-C3849154B620}.Release|Any CPU.ActiveCfg = Release|Any CPU
		{B20A6A94-E6A9-42FA-B73C-C3849154B620}.Release|Any CPU.Build.0 = Release|Any CPU
	EndGlobalSection
	GlobalSection(SolutionProperties) = preSolution
		HideSolutionNode = FALSE
	EndGlobalSection
	GlobalSection(ExtensibilityGlobals) = postSolution
		SolutionGuid = {52B2A8C4-C394-42AC-8D7C-BB8CCD551D55}
	EndGlobalSection
EndGlobal
